
Microsoft Visual Studio Solution File, Format Version 12.00
# Visual Studio Version 16
VisualStudioVersion = 16.0.30128.74
MinimumVisualStudioVersion = 10.0.40219.1
Project("{FAE04EC0-301F-11D3-BF4B-00C04F79EFBC}") = "Tutorial", "Tutorial\Tutorial.csproj", "{7C9AE4B8-6876-45F9-B3DD-DDBBE8FC3E0B}"
EndProject
Global
	GlobalSection(SolutionConfigurationPlatforms) = preSolution
		Debug|Any CPU = Debug|Any CPU
		Release|Any CPU = Release|Any CPU
	EndGlobalSection
	GlobalSection(ProjectConfigurationPlatforms) = postSolution
		{7C9AE4B8-6876-45F9-B3DD-DDBBE8FC3E0B}.Debug|Any CPU.ActiveCfg = Debug|Any CPU
		{7C9AE4B8-6876-45F9-B3DD-DDBBE8FC3E0B}.Debug|Any CPU.Build.0 = Debug|Any CPU
		{7C9AE4B8-6876-45F9-B3DD-DDBBE8FC3E0B}.Release|Any CPU.ActiveCfg = Release|Any CPU
		{7C9AE4B8-6876-45F9-B3DD-DDBBE8FC3E0B}.Release|Any CPU.Build.0 = Release|Any CPU
	EndGlobalSection
	GlobalSection(SolutionProperties) = preSolution
		HideSolutionNode = FALSE
	EndGlobalSection
	GlobalSection(ExtensibilityGlobals) = postSolution
		SolutionGuid = {6CEAE567-385B-4D84-88A4-7C1E2A0A185F}
	EndGlobalSection
EndGlobal
